
Microsoft Visual Studio Solution File, Format Version 12.00
# Visual Studio Version 17
VisualStudioVersion = 17.7.34221.43
MinimumVisualStudioVersion = 10.0.40219.1
Project("{FAE04EC0-301F-11D3-BF4B-00C04F79EFBC}") = "01_temel_araclar", "Arac_Kullanimlari\01_temel_araclar.csproj", "{2FA0863E-2027-4448-B6D6-0F16FD6C4DC0}"
EndProject
Project("{FAE04EC0-301F-11D3-BF4B-00C04F79EFBC}") = "02_Degiskenler", "Degiskenler\02_Degiskenler.csproj", "{8804F54D-C031-4804-8DB9-9FB3EE8E5B5C}"
EndProject
Project("{FAE04EC0-301F-11D3-BF4B-00C04F79EFBC}") = "03_KararYapilari", "3_KararYapilari\03_KararYapilari.csproj", "{76483A82-1DC3-4D92-9F27-7173CF5D13FF}"
EndProject
Project("{FAE04EC0-301F-11D3-BF4B-00C04F79EFBC}") = "04_Donguler", "04_Donguler\04_Donguler.csproj", "{C344A79A-064A-4481-9E04-CD404BA8C6D4}"
EndProject
Global
	GlobalSection(SolutionConfigurationPlatforms) = preSolution
		Debug|Any CPU = Debug|Any CPU
		Release|Any CPU = Release|Any CPU
	EndGlobalSection
	GlobalSection(ProjectConfigurationPlatforms) = postSolution
		{2FA0863E-2027-4448-B6D6-0F16FD6C4DC0}.Debug|Any CPU.ActiveCfg = Debug|Any CPU
		{2FA0863E-2027-4448-B6D6-0F16FD6C4DC0}.Debug|Any CPU.Build.0 = Debug|Any CPU
		{2FA0863E-2027-4448-B6D6-0F16FD6C4DC0}.Release|Any CPU.ActiveCfg = Release|Any CPU
		{2FA0863E-2027-4448-B6D6-0F16FD6C4DC0}.Release|Any CPU.Build.0 = Release|Any CPU
		{8804F54D-C031-4804-8DB9-9FB3EE8E5B5C}.Debug|Any CPU.ActiveCfg = Debug|Any CPU
		{8804F54D-C031-4804-8DB9-9FB3EE8E5B5C}.Debug|Any CPU.Build.0 = Debug|Any CPU
		{8804F54D-C031-4804-8DB9-9FB3EE8E5B5C}.Release|Any CPU.ActiveCfg = Release|Any CPU
		{8804F54D-C031-4804-8DB9-9FB3EE8E5B5C}.Release|Any CPU.Build.0 = Release|Any CPU
		{76483A82-1DC3-4D92-9F27-7173CF5D13FF}.Debug|Any CPU.ActiveCfg = Debug|Any CPU
		{76483A82-1DC3-4D92-9F27-7173CF5D13FF}.Debug|Any CPU.Build.0 = Debug|Any CPU
		{76483A82-1DC3-4D92-9F27-7173CF5D13FF}.Release|Any CPU.ActiveCfg = Release|Any CPU
		{76483A82-1DC3-4D92-9F27-7173CF5D13FF}.Release|Any CPU.Build.0 = Release|Any CPU
		{C344A79A-064A-4481-9E04-CD404BA8C6D4}.Debug|Any CPU.ActiveCfg = Debug|Any CPU
		{C344A79A-064A-4481-9E04-CD404BA8C6D4}.Debug|Any CPU.Build.0 = Debug|Any CPU
		{C344A79A-064A-4481-9E04-CD404BA8C6D4}.Release|Any CPU.ActiveCfg = Release|Any CPU
		{C344A79A-064A-4481-9E04-CD404BA8C6D4}.Release|Any CPU.Build.0 = Release|Any CPU
	EndGlobalSection
	GlobalSection(SolutionProperties) = preSolution
		HideSolutionNode = FALSE
	EndGlobalSection
	GlobalSection(ExtensibilityGlobals) = postSolution
		SolutionGuid = {B3E69F37-BB18-499F-9336-531235443E03}
	EndGlobalSection
EndGlobal
